
Microsoft Visual Studio Solution File, Format Version 12.00
# Visual Studio Version 17
VisualStudioVersion = 17.10.34928.147
MinimumVisualStudioVersion = 10.0.40219.1
Project("{FAE04EC0-301F-11D3-BF4B-00C04F79EFBC}") = "AutoSortFix", "AutoSortFix.csproj", "{A3B7C9D1-E5F2-4A6B-8C0D-9E1F2A3B4C5D}"
EndProject
Global
	GlobalSection(SolutionConfigurationPlatforms) = preSolution
		Debug|Any CPU = Debug|Any CPU
		Release|Any CPU = Release|Any CPU
	EndGlobalSection
	GlobalSection(ProjectConfigurationPlatforms) = postSolution
		{A3B7C9D1-E5F2-4A6B-8C0D-9E1F2A3B4C5D}.Debug|Any CPU.ActiveCfg = Debug|Any CPU
		{A3B7C9D1-E5F2-4A6B-8C0D-9E1F2A3B4C5D}.Debug|Any CPU.Build.0 = Debug|Any CPU
		{A3B7C9D1-E5F2-4A6B-8C0D-9E1F2A3B4C5D}.Release|Any CPU.ActiveCfg = Release|Any CPU
		{A3B7C9D1-E5F2-4A6B-8C0D-9E1F2A3B4C5D}.Release|Any CPU.Build.0 = Release|Any CPU
	EndGlobalSection
	GlobalSection(SolutionProperties) = preSolution
		HideSolutionNode = FALSE
	EndGlobalSection
	GlobalSection(ExtensibilityGlobals) = postSolution
		SolutionGuid = {B4C8D0E2-F6A3-4B7C-9D1E-0F2A3B4C5D6E}
	EndGlobalSection
EndGlobal
